{
  "name": "rewind",
  "version": "0.0.0",
  "lockfileVersion": 1,
  "requires": true,
  "dependencies": {
    "@dagrejs/graphlib": {
      "version": "2.1.4",
      "resolved": "https://registry.npmjs.org/@dagrejs/graphlib/-/graphlib-2.1.4.tgz",
      "integrity": "sha512-QCg9sL4uhjn468FDEsb/S9hS2xUZSrv/+dApb1Ze5VKO96pTXKNJZ6MGhIpgWkc1TVhbVGH9/7rq/Mf8/jWicw==",
      "dev": true,
      "requires": {
        "lodash": "^4.11.1"
      }
    },
    "js-sha256": {
      "version": "0.9.0",
      "resolved": "https://registry.npmjs.org/js-sha256/-/js-sha256-0.9.0.tgz",
      "integrity": "sha512-sga3MHh9sgQN2+pJ9VYZ+1LPwXOxuBJBA5nrR5/ofPfuiJBE2hnjsaN8se8JznOmGLN2p49Pe5U/ttafcs/apA=="
    },
    "lodash": {
      "version": "4.17.19",
      "resolved": "https://registry.npmjs.org/lodash/-/lodash-4.17.19.tgz",
      "integrity": "sha512-JNvd8XER9GQX0v2qJgsaN/mzFCNA5BRe/j8JN9d+tWyGLSodKQHKFicdwNYzWwI3wjRnaKPsGj1XkBjx/F96DQ=="
    }
  }
}
